
Microsoft Visual Studio Solution File, Format Version 12.00
# Visual Studio 2013
VisualStudioVersion = 12.0.31101.0
MinimumVisualStudioVersion = 10.0.40219.1
Project("{FAE04EC0-301F-11D3-BF4B-00C04F79EFBC}") = "TDA.WPF", "TDAWPF\TDA.WPF.csproj", "{AFCE0519-7131-43FB-80EB-836953188ED3}"
	ProjectSection(ProjectDependencies) = postProject
		{8BB5B839-14F0-4861-AB9B-616A04E445CC} = {8BB5B839-14F0-4861-AB9B-616A04E445CC}
	EndProjectSection
EndProject
Project("{2150E333-8FDC-42A3-9474-1A3956D46DE8}") = "TDA.WPF", "TDA.WPF", "{C5D32B91-F9F0-4957-9FE7-7AB142BB5E32}"
EndProject
Project("{2150E333-8FDC-42A3-9474-1A3956D46DE8}") = "TDA.Entities", "TDA.Entities", "{D6D5F184-6542-4D6E-9A95-B17B2B6ADA2E}"
EndProject
Project("{2150E333-8FDC-42A3-9474-1A3956D46DE8}") = "TDA.DataLayer", "TDA.DataLayer", "{63F742B4-6513-412C-867B-AF426E46B5F8}"
EndProject
Project("{2150E333-8FDC-42A3-9474-1A3956D46DE8}") = "TDA.Service", "TDA.Service", "{BDFA8C3C-E225-4C14-88FD-2496A74E7E16}"
EndProject
Project("{FAE04EC0-301F-11D3-BF4B-00C04F79EFBC}") = "TDA.Service", "TDA.Service\TDA.Service.csproj", "{8BB5B839-14F0-4861-AB9B-616A04E445CC}"
EndProject
Project("{FAE04EC0-301F-11D3-BF4B-00C04F79EFBC}") = "TDA.Entities", "TDA.Entities\TDA.Entities.csproj", "{D132C78F-0488-4EDD-AE82-42461F63B75F}"
EndProject
Project("{FAE04EC0-301F-11D3-BF4B-00C04F79EFBC}") = "TDA.DataLayer", "TDA.DataLayer\TDA.DataLayer.csproj", "{F4A663AC-14D3-499D-8CA7-71CB6E0DFAED}"
EndProject
Global
	GlobalSection(SolutionConfigurationPlatforms) = preSolution
		Debug|Any CPU = Debug|Any CPU
		Release|Any CPU = Release|Any CPU
	EndGlobalSection
	GlobalSection(ProjectConfigurationPlatforms) = postSolution
		{AFCE0519-7131-43FB-80EB-836953188ED3}.Debug|Any CPU.ActiveCfg = Debug|Any CPU
		{AFCE0519-7131-43FB-80EB-836953188ED3}.Debug|Any CPU.Build.0 = Debug|Any CPU
		{AFCE0519-7131-43FB-80EB-836953188ED3}.Release|Any CPU.ActiveCfg = Release|Any CPU
		{AFCE0519-7131-43FB-80EB-836953188ED3}.Release|Any CPU.Build.0 = Release|Any CPU
		{8BB5B839-14F0-4861-AB9B-616A04E445CC}.Debug|Any CPU.ActiveCfg = Debug|Any CPU
		{8BB5B839-14F0-4861-AB9B-616A04E445CC}.Debug|Any CPU.Build.0 = Debug|Any CPU
		{8BB5B839-14F0-4861-AB9B-616A04E445CC}.Release|Any CPU.ActiveCfg = Release|Any CPU
		{8BB5B839-14F0-4861-AB9B-616A04E445CC}.Release|Any CPU.Build.0 = Release|Any CPU
		{D132C78F-0488-4EDD-AE82-42461F63B75F}.Debug|Any CPU.ActiveCfg = Debug|Any CPU
		{D132C78F-0488-4EDD-AE82-42461F63B75F}.Debug|Any CPU.Build.0 = Debug|Any CPU
		{D132C78F-0488-4EDD-AE82-42461F63B75F}.Release|Any CPU.ActiveCfg = Release|Any CPU
		{D132C78F-0488-4EDD-AE82-42461F63B75F}.Release|Any CPU.Build.0 = Release|Any CPU
		{F4A663AC-14D3-499D-8CA7-71CB6E0DFAED}.Debug|Any CPU.ActiveCfg = Debug|Any CPU
		{F4A663AC-14D3-499D-8CA7-71CB6E0DFAED}.Debug|Any CPU.Build.0 = Debug|Any CPU
		{F4A663AC-14D3-499D-8CA7-71CB6E0DFAED}.Release|Any CPU.ActiveCfg = Release|Any CPU
		{F4A663AC-14D3-499D-8CA7-71CB6E0DFAED}.Release|Any CPU.Build.0 = Release|Any CPU
	EndGlobalSection
	GlobalSection(SolutionProperties) = preSolution
		HideSolutionNode = FALSE
	EndGlobalSection
	GlobalSection(NestedProjects) = preSolution
		{AFCE0519-7131-43FB-80EB-836953188ED3} = {C5D32B91-F9F0-4957-9FE7-7AB142BB5E32}
		{8BB5B839-14F0-4861-AB9B-616A04E445CC} = {BDFA8C3C-E225-4C14-88FD-2496A74E7E16}
		{D132C78F-0488-4EDD-AE82-42461F63B75F} = {D6D5F184-6542-4D6E-9A95-B17B2B6ADA2E}
		{F4A663AC-14D3-499D-8CA7-71CB6E0DFAED} = {63F742B4-6513-412C-867B-AF426E46B5F8}
	EndGlobalSection
EndGlobal
